
Microsoft Visual Studio Solution File, Format Version 12.00
# Visual Studio Version 17
VisualStudioVersion = 17.1.32210.238
MinimumVisualStudioVersion = 10.0.40219.1
Project("{9A19103F-16F7-4668-BE54-9A1E7A4F7556}") = "PizzaOnline.Web", "PizzaOnline.Web\PizzaOnline.Web.csproj", "{11582B21-9525-4108-BB7F-946D8AEFEF2C}"
EndProject
Project("{9A19103F-16F7-4668-BE54-9A1E7A4F7556}") = "PizzaOnline.Api", "PizzaOnline.Api\PizzaOnline.Api.csproj", "{1070592B-358F-4DAF-9DAA-AB4712D25A08}"
EndProject
Project("{9A19103F-16F7-4668-BE54-9A1E7A4F7556}") = "PizzaOnline.Dal", "PizzaOnline.Dal\PizzaOnline.Dal.csproj", "{A814C5DA-83A2-461E-A010-D9D82F13974D}"
EndProject
Project("{9A19103F-16F7-4668-BE54-9A1E7A4F7556}") = "PizzaOnline.Bll", "PizzaOnline.Bll\PizzaOnline.Bll.csproj", "{CAE01E06-0FE4-4E7A-A993-B0547104BEC9}"
EndProject
Project("{FAE04EC0-301F-11D3-BF4B-00C04F79EFBC}") = "PizzaOnline.Tests", "PizzaOnline.Tests\PizzaOnline.Tests.csproj", "{032628D9-1099-4365-A938-F168A4D46B15}"
EndProject
Global
	GlobalSection(SolutionConfigurationPlatforms) = preSolution
		Debug|Any CPU = Debug|Any CPU
		Release|Any CPU = Release|Any CPU
	EndGlobalSection
	GlobalSection(ProjectConfigurationPlatforms) = postSolution
		{11582B21-9525-4108-BB7F-946D8AEFEF2C}.Debug|Any CPU.ActiveCfg = Debug|Any CPU
		{11582B21-9525-4108-BB7F-946D8AEFEF2C}.Debug|Any CPU.Build.0 = Debug|Any CPU
		{11582B21-9525-4108-BB7F-946D8AEFEF2C}.Release|Any CPU.ActiveCfg = Release|Any CPU
		{11582B21-9525-4108-BB7F-946D8AEFEF2C}.Release|Any CPU.Build.0 = Release|Any CPU
		{1070592B-358F-4DAF-9DAA-AB4712D25A08}.Debug|Any CPU.ActiveCfg = Debug|Any CPU
		{1070592B-358F-4DAF-9DAA-AB4712D25A08}.Debug|Any CPU.Build.0 = Debug|Any CPU
		{1070592B-358F-4DAF-9DAA-AB4712D25A08}.Release|Any CPU.ActiveCfg = Release|Any CPU
		{1070592B-358F-4DAF-9DAA-AB4712D25A08}.Release|Any CPU.Build.0 = Release|Any CPU
		{A814C5DA-83A2-461E-A010-D9D82F13974D}.Debug|Any CPU.ActiveCfg = Debug|Any CPU
		{A814C5DA-83A2-461E-A010-D9D82F13974D}.Debug|Any CPU.Build.0 = Debug|Any CPU
		{A814C5DA-83A2-461E-A010-D9D82F13974D}.Release|Any CPU.ActiveCfg = Release|Any CPU
		{A814C5DA-83A2-461E-A010-D9D82F13974D}.Release|Any CPU.Build.0 = Release|Any CPU
		{CAE01E06-0FE4-4E7A-A993-B0547104BEC9}.Debug|Any CPU.ActiveCfg = Debug|Any CPU
		{CAE01E06-0FE4-4E7A-A993-B0547104BEC9}.Debug|Any CPU.Build.0 = Debug|Any CPU
		{CAE01E06-0FE4-4E7A-A993-B0547104BEC9}.Release|Any CPU.ActiveCfg = Release|Any CPU
		{CAE01E06-0FE4-4E7A-A993-B0547104BEC9}.Release|Any CPU.Build.0 = Release|Any CPU
		{032628D9-1099-4365-A938-F168A4D46B15}.Debug|Any CPU.ActiveCfg = Debug|Any CPU
		{032628D9-1099-4365-A938-F168A4D46B15}.Debug|Any CPU.Build.0 = Debug|Any CPU
		{032628D9-1099-4365-A938-F168A4D46B15}.Release|Any CPU.ActiveCfg = Release|Any CPU
		{032628D9-1099-4365-A938-F168A4D46B15}.Release|Any CPU.Build.0 = Release|Any CPU
	EndGlobalSection
	GlobalSection(SolutionProperties) = preSolution
		HideSolutionNode = FALSE
	EndGlobalSection
	GlobalSection(ExtensibilityGlobals) = postSolution
		SolutionGuid = {22A82C30-5428-405A-9EDB-981CAAE2298D}
	EndGlobalSection
EndGlobal
